
Microsoft Visual Studio Solution File, Format Version 12.00
# Visual Studio Version 17
VisualStudioVersion = 17.14.36414.22 d17.14
MinimumVisualStudioVersion = 10.0.40219.1
Project("{FAE04EC0-301F-11D3-BF4B-00C04F79EFBC}") = "EjemploColas", "EjemploColas\EjemploColas.csproj", "{82E77B7A-AE7C-464D-8D1D-B40679B5E2BB}"
EndProject
Global
	GlobalSection(SolutionConfigurationPlatforms) = preSolution
		Debug|Any CPU = Debug|Any CPU
		Release|Any CPU = Release|Any CPU
	EndGlobalSection
	GlobalSection(ProjectConfigurationPlatforms) = postSolution
		{82E77B7A-AE7C-464D-8D1D-B40679B5E2BB}.Debug|Any CPU.ActiveCfg = Debug|Any CPU
		{82E77B7A-AE7C-464D-8D1D-B40679B5E2BB}.Debug|Any CPU.Build.0 = Debug|Any CPU
		{82E77B7A-AE7C-464D-8D1D-B40679B5E2BB}.Release|Any CPU.ActiveCfg = Release|Any CPU
		{82E77B7A-AE7C-464D-8D1D-B40679B5E2BB}.Release|Any CPU.Build.0 = Release|Any CPU
	EndGlobalSection
	GlobalSection(SolutionProperties) = preSolution
		HideSolutionNode = FALSE
	EndGlobalSection
	GlobalSection(ExtensibilityGlobals) = postSolution
		SolutionGuid = {3862D4C8-2EC8-463C-B51C-5C34A26D728A}
	EndGlobalSection
EndGlobal
