
Microsoft Visual Studio Solution File, Format Version 12.00
# Visual Studio Version 17
VisualStudioVersion = 17.14.36414.22 d17.14
MinimumVisualStudioVersion = 10.0.40219.1
Project("{FAE04EC0-301F-11D3-BF4B-00C04F79EFBC}") = "TP-Corte", "TP-Corte\TP-Corte.csproj", "{8746C856-576B-4258-9C0E-AF8E82EB38F6}"
EndProject
Global
	GlobalSection(SolutionConfigurationPlatforms) = preSolution
		Debug|Any CPU = Debug|Any CPU
		Release|Any CPU = Release|Any CPU
	EndGlobalSection
	GlobalSection(ProjectConfigurationPlatforms) = postSolution
		{8746C856-576B-4258-9C0E-AF8E82EB38F6}.Debug|Any CPU.ActiveCfg = Debug|Any CPU
		{8746C856-576B-4258-9C0E-AF8E82EB38F6}.Debug|Any CPU.Build.0 = Debug|Any CPU
		{8746C856-576B-4258-9C0E-AF8E82EB38F6}.Release|Any CPU.ActiveCfg = Release|Any CPU
		{8746C856-576B-4258-9C0E-AF8E82EB38F6}.Release|Any CPU.Build.0 = Release|Any CPU
	EndGlobalSection
	GlobalSection(SolutionProperties) = preSolution
		HideSolutionNode = FALSE
	EndGlobalSection
	GlobalSection(ExtensibilityGlobals) = postSolution
		SolutionGuid = {6F127EC4-5B61-455E-9359-0D5023A8124D}
	EndGlobalSection
EndGlobal
